{
  "requires": true,
  "lockfileVersion": 1,
  "dependencies": {
    "ansi": {
      "version": "0.3.1",
      "resolved": "https://registry.npmjs.org/ansi/-/ansi-0.3.1.tgz",
      "integrity": "sha1-DELU+xcWDVqa8eSEus4cZpIsGyE="
    },
    "artisan": {
      "version": "0.1.2",
      "resolved": "https://registry.npmjs.org/artisan/-/artisan-0.1.2.tgz",
      "integrity": "sha1-70VNsdVENR2xAZ4Vkh+mbCOHaR4=",
      "requires": {
        "ansi": "0.3.1",
        "commander": "2.13.0",
        "mkdirp": "0.5.1"
      }
    },
    "commander": {
      "version": "2.13.0",
      "resolved": "https://registry.npmjs.org/commander/-/commander-2.13.0.tgz",
      "integrity": "sha512-MVuS359B+YzaWqjCL/c+22gfryv+mCBPHAv3zyVI2GN8EY6IRP8VwtasXn8jyyhvvq84R4ImN1OKRtcbIasjYA=="
    },
    "minimist": {
      "version": "0.0.8",
      "resolved": "https://registry.npmjs.org/minimist/-/minimist-0.0.8.tgz",
      "integrity": "sha1-hX/Kv8M5fSYluCKCYuhqp6ARsF0="
    },
    "mkdirp": {
      "version": "0.5.1",
      "resolved": "https://registry.npmjs.org/mkdirp/-/mkdirp-0.5.1.tgz",
      "integrity": "sha1-MAV0OOrGz3+MR2fzhkjWaX11yQM=",
      "requires": {
        "minimist": "0.0.8"
      }
    },
    "node-php-server": {
      "version": "0.1.2",
      "resolved": "https://registry.npmjs.org/node-php-server/-/node-php-server-0.1.2.tgz",
      "integrity": "sha1-ExoFCdYDrs4y+P3kEvUrnEriZig=",
      "requires": {
        "open": "0.0.5"
      }
    },
    "open": {
      "version": "0.0.5",
      "resolved": "https://registry.npmjs.org/open/-/open-0.0.5.tgz",
      "integrity": "sha1-QsPhjslUZra/DcQvOilFw/DK2Pw="
    },
    "php-serve": {
      "version": "0.0.1",
      "resolved": "https://registry.npmjs.org/php-serve/-/php-serve-0.0.1.tgz",
      "integrity": "sha1-FPR4Fku8iJrnXRpZUSQnrXThgcw=",
      "requires": {
        "commander": "2.13.0",
        "node-php-server": "0.1.2"
      }
    }
  }
}
